
Microsoft Visual Studio Solution File, Format Version 12.00
# Visual Studio Version 16
VisualStudioVersion = 25.0.1700.0
MinimumVisualStudioVersion = 10.0.40219.1
Project("{FAE04EC0-301F-11D3-BF4B-00C04F79EFBC}") = "Fig.Client", "Fig.Client\Fig.Client.csproj", "{8636809C-5B53-4AA8-B074-EF982C992903}"
EndProject
Project("{FAE04EC0-301F-11D3-BF4B-00C04F79EFBC}") = "Fig.Contracts", "Fig.Contracts\Fig.Contracts.csproj", "{640B2A6F-CD68-4E91-9423-08C2FD0560F8}"
EndProject
Project("{FAE04EC0-301F-11D3-BF4B-00C04F79EFBC}") = "Fig.Client.Integration.Test", "Fig.Client.Integration.Test\Fig.Client.Integration.Test.csproj", "{F97D484E-D023-4631-BAEB-76F27BAB571A}"
EndProject
Global
	GlobalSection(SolutionConfigurationPlatforms) = preSolution
		Debug|Any CPU = Debug|Any CPU
		Release|Any CPU = Release|Any CPU
	EndGlobalSection
	GlobalSection(ProjectConfigurationPlatforms) = postSolution
		{8636809C-5B53-4AA8-B074-EF982C992903}.Debug|Any CPU.ActiveCfg = Debug|Any CPU
		{8636809C-5B53-4AA8-B074-EF982C992903}.Debug|Any CPU.Build.0 = Debug|Any CPU
		{8636809C-5B53-4AA8-B074-EF982C992903}.Release|Any CPU.ActiveCfg = Release|Any CPU
		{8636809C-5B53-4AA8-B074-EF982C992903}.Release|Any CPU.Build.0 = Release|Any CPU
		{640B2A6F-CD68-4E91-9423-08C2FD0560F8}.Debug|Any CPU.ActiveCfg = Debug|Any CPU
		{640B2A6F-CD68-4E91-9423-08C2FD0560F8}.Debug|Any CPU.Build.0 = Debug|Any CPU
		{640B2A6F-CD68-4E91-9423-08C2FD0560F8}.Release|Any CPU.ActiveCfg = Release|Any CPU
		{640B2A6F-CD68-4E91-9423-08C2FD0560F8}.Release|Any CPU.Build.0 = Release|Any CPU
		{F97D484E-D023-4631-BAEB-76F27BAB571A}.Debug|Any CPU.ActiveCfg = Debug|Any CPU
		{F97D484E-D023-4631-BAEB-76F27BAB571A}.Debug|Any CPU.Build.0 = Debug|Any CPU
		{F97D484E-D023-4631-BAEB-76F27BAB571A}.Release|Any CPU.ActiveCfg = Release|Any CPU
		{F97D484E-D023-4631-BAEB-76F27BAB571A}.Release|Any CPU.Build.0 = Release|Any CPU
	EndGlobalSection
	GlobalSection(SolutionProperties) = preSolution
		HideSolutionNode = FALSE
	EndGlobalSection
	GlobalSection(ExtensibilityGlobals) = postSolution
		SolutionGuid = {AD5C76F6-E305-495C-A87F-BD0817FC4C83}
	EndGlobalSection
EndGlobal
