
Microsoft Visual Studio Solution File, Format Version 12.00
# Visual Studio Version 17
VisualStudioVersion = 17.0.32014.148
MinimumVisualStudioVersion = 10.0.40219.1
Project("{2150E333-8FDC-42A3-9474-1A3956D46DE8}") = "Client", "Client", "{D5BAB74F-CC5C-4512-88CE-260023B609FC}"
EndProject
Project("{2150E333-8FDC-42A3-9474-1A3956D46DE8}") = "Common", "Common", "{E0C98E56-142A-4CFE-B603-DC3418DB8DA8}"
EndProject
Project("{2150E333-8FDC-42A3-9474-1A3956D46DE8}") = "Api", "Api", "{A37CD6AB-6B9C-4C50-8C68-DBA426074B8F}"
EndProject
Project("{2150E333-8FDC-42A3-9474-1A3956D46DE8}") = "Test", "Test", "{4D26F0AE-DCBA-4798-A405-946675E31B2D}"
EndProject
Project("{2150E333-8FDC-42A3-9474-1A3956D46DE8}") = "Examples", "Examples", "{C8A35B6E-3156-412F-AFDC-EFDCBC46F720}"
EndProject
Project("{9A19103F-16F7-4668-BE54-9A1E7A4F7556}") = "Fig.Client", "client\Fig.Client\Fig.Client.csproj", "{FD012D67-7F1D-436D-A4F9-5C9CF326A534}"
EndProject
Project("{9A19103F-16F7-4668-BE54-9A1E7A4F7556}") = "Fig.Contracts", "common\Fig.Contracts\Fig.Contracts.csproj", "{BC99331A-04A2-4476-9309-1A01ECFCF031}"
EndProject
Project("{9A19103F-16F7-4668-BE54-9A1E7A4F7556}") = "Fig.Client.Integration.Test", "tests\Fig.Client.Integration.Test\Fig.Client.Integration.Test.csproj", "{6D9DCA87-2E1F-4D58-82A7-33373325B4F2}"
EndProject
Project("{9A19103F-16F7-4668-BE54-9A1E7A4F7556}") = "Fig.Contracts.Unit.Test", "tests\Fig.Contracts.Unit.Test\Fig.Contracts.Unit.Test.csproj", "{963C9F1D-55C6-4D53-8B11-3B25233B2B80}"
EndProject
Project("{2150E333-8FDC-42A3-9474-1A3956D46DE8}") = "Web", "Web", "{578CC843-5BDF-4361-B043-5130B44AC9FB}"
EndProject
Project("{9A19103F-16F7-4668-BE54-9A1E7A4F7556}") = "Fig.Api", "api\Fig.Api\Fig.Api.csproj", "{CD537D11-C4BF-42E6-8AB4-CF7506FC05B5}"
EndProject
Project("{9A19103F-16F7-4668-BE54-9A1E7A4F7556}") = "Fig.Web", "web\Fig.Web\Fig.Web.csproj", "{2385C773-7DD8-41B9-9898-06144A6E6B48}"
EndProject
Project("{FAE04EC0-301F-11D3-BF4B-00C04F79EFBC}") = "Fig.Examples.ConsoleApp", "..\examples\Fig.Examples.ConsoleApp\Fig.Examples.ConsoleApp.csproj", "{58A9CB11-2B87-4782-89BA-D423F7FE66DF}"
EndProject
Project("{FAE04EC0-301F-11D3-BF4B-00C04F79EFBC}") = "Fig.Api.Integration.Test", "Fig.Api.Integration.Test\Fig.Api.Integration.Test.csproj", "{80A73EC9-5876-43F4-B25D-8CF11F4E4BF7}"
EndProject
Project("{FAE04EC0-301F-11D3-BF4B-00C04F79EFBC}") = "Fig.Api.SettingVerification", "api\Fig.Api.SettingVerification\Fig.Api.SettingVerification.csproj", "{E9B78F08-46EA-44A0-8EA2-395A2C42542A}"
EndProject
Project("{FAE04EC0-301F-11D3-BF4B-00C04F79EFBC}") = "Fig.Api.SettingVerification.Unit.Test", "tests\Fig.Api.SettingVerification.Unit.Test\Fig.Api.SettingVerification.Unit.Test.csproj", "{AD8CDD70-D437-4F5E-90F6-8B70BDB7AF02}"
EndProject
Project("{FAE04EC0-301F-11D3-BF4B-00C04F79EFBC}") = "Fig.Datalayer", "api\Fig.Datalayer\Fig.Datalayer.csproj", "{4E12E55C-CCF7-4D70-A645-2923B6DB8F59}"
EndProject
Global
	GlobalSection(SolutionConfigurationPlatforms) = preSolution
		Debug|Any CPU = Debug|Any CPU
		Release|Any CPU = Release|Any CPU
	EndGlobalSection
	GlobalSection(ProjectConfigurationPlatforms) = postSolution
		{FD012D67-7F1D-436D-A4F9-5C9CF326A534}.Debug|Any CPU.ActiveCfg = Debug|Any CPU
		{FD012D67-7F1D-436D-A4F9-5C9CF326A534}.Debug|Any CPU.Build.0 = Debug|Any CPU
		{FD012D67-7F1D-436D-A4F9-5C9CF326A534}.Release|Any CPU.ActiveCfg = Release|Any CPU
		{FD012D67-7F1D-436D-A4F9-5C9CF326A534}.Release|Any CPU.Build.0 = Release|Any CPU
		{BC99331A-04A2-4476-9309-1A01ECFCF031}.Debug|Any CPU.ActiveCfg = Debug|Any CPU
		{BC99331A-04A2-4476-9309-1A01ECFCF031}.Debug|Any CPU.Build.0 = Debug|Any CPU
		{BC99331A-04A2-4476-9309-1A01ECFCF031}.Release|Any CPU.ActiveCfg = Release|Any CPU
		{BC99331A-04A2-4476-9309-1A01ECFCF031}.Release|Any CPU.Build.0 = Release|Any CPU
		{6D9DCA87-2E1F-4D58-82A7-33373325B4F2}.Debug|Any CPU.ActiveCfg = Debug|Any CPU
		{6D9DCA87-2E1F-4D58-82A7-33373325B4F2}.Debug|Any CPU.Build.0 = Debug|Any CPU
		{6D9DCA87-2E1F-4D58-82A7-33373325B4F2}.Release|Any CPU.ActiveCfg = Release|Any CPU
		{6D9DCA87-2E1F-4D58-82A7-33373325B4F2}.Release|Any CPU.Build.0 = Release|Any CPU
		{963C9F1D-55C6-4D53-8B11-3B25233B2B80}.Debug|Any CPU.ActiveCfg = Debug|Any CPU
		{963C9F1D-55C6-4D53-8B11-3B25233B2B80}.Debug|Any CPU.Build.0 = Debug|Any CPU
		{963C9F1D-55C6-4D53-8B11-3B25233B2B80}.Release|Any CPU.ActiveCfg = Release|Any CPU
		{963C9F1D-55C6-4D53-8B11-3B25233B2B80}.Release|Any CPU.Build.0 = Release|Any CPU
		{CD537D11-C4BF-42E6-8AB4-CF7506FC05B5}.Debug|Any CPU.ActiveCfg = Debug|Any CPU
		{CD537D11-C4BF-42E6-8AB4-CF7506FC05B5}.Debug|Any CPU.Build.0 = Debug|Any CPU
		{CD537D11-C4BF-42E6-8AB4-CF7506FC05B5}.Release|Any CPU.ActiveCfg = Release|Any CPU
		{CD537D11-C4BF-42E6-8AB4-CF7506FC05B5}.Release|Any CPU.Build.0 = Release|Any CPU
		{2385C773-7DD8-41B9-9898-06144A6E6B48}.Debug|Any CPU.ActiveCfg = Debug|Any CPU
		{2385C773-7DD8-41B9-9898-06144A6E6B48}.Debug|Any CPU.Build.0 = Debug|Any CPU
		{2385C773-7DD8-41B9-9898-06144A6E6B48}.Release|Any CPU.ActiveCfg = Release|Any CPU
		{2385C773-7DD8-41B9-9898-06144A6E6B48}.Release|Any CPU.Build.0 = Release|Any CPU
		{58A9CB11-2B87-4782-89BA-D423F7FE66DF}.Debug|Any CPU.ActiveCfg = Debug|Any CPU
		{58A9CB11-2B87-4782-89BA-D423F7FE66DF}.Debug|Any CPU.Build.0 = Debug|Any CPU
		{58A9CB11-2B87-4782-89BA-D423F7FE66DF}.Release|Any CPU.ActiveCfg = Release|Any CPU
		{58A9CB11-2B87-4782-89BA-D423F7FE66DF}.Release|Any CPU.Build.0 = Release|Any CPU
		{80A73EC9-5876-43F4-B25D-8CF11F4E4BF7}.Debug|Any CPU.ActiveCfg = Debug|Any CPU
		{80A73EC9-5876-43F4-B25D-8CF11F4E4BF7}.Debug|Any CPU.Build.0 = Debug|Any CPU
		{80A73EC9-5876-43F4-B25D-8CF11F4E4BF7}.Release|Any CPU.ActiveCfg = Release|Any CPU
		{80A73EC9-5876-43F4-B25D-8CF11F4E4BF7}.Release|Any CPU.Build.0 = Release|Any CPU
		{E9B78F08-46EA-44A0-8EA2-395A2C42542A}.Debug|Any CPU.ActiveCfg = Debug|Any CPU
		{E9B78F08-46EA-44A0-8EA2-395A2C42542A}.Debug|Any CPU.Build.0 = Debug|Any CPU
		{E9B78F08-46EA-44A0-8EA2-395A2C42542A}.Release|Any CPU.ActiveCfg = Release|Any CPU
		{E9B78F08-46EA-44A0-8EA2-395A2C42542A}.Release|Any CPU.Build.0 = Release|Any CPU
		{AD8CDD70-D437-4F5E-90F6-8B70BDB7AF02}.Debug|Any CPU.ActiveCfg = Debug|Any CPU
		{AD8CDD70-D437-4F5E-90F6-8B70BDB7AF02}.Debug|Any CPU.Build.0 = Debug|Any CPU
		{AD8CDD70-D437-4F5E-90F6-8B70BDB7AF02}.Release|Any CPU.ActiveCfg = Release|Any CPU
		{AD8CDD70-D437-4F5E-90F6-8B70BDB7AF02}.Release|Any CPU.Build.0 = Release|Any CPU
		{4E12E55C-CCF7-4D70-A645-2923B6DB8F59}.Debug|Any CPU.ActiveCfg = Debug|Any CPU
		{4E12E55C-CCF7-4D70-A645-2923B6DB8F59}.Debug|Any CPU.Build.0 = Debug|Any CPU
		{4E12E55C-CCF7-4D70-A645-2923B6DB8F59}.Release|Any CPU.ActiveCfg = Release|Any CPU
		{4E12E55C-CCF7-4D70-A645-2923B6DB8F59}.Release|Any CPU.Build.0 = Release|Any CPU
	EndGlobalSection
	GlobalSection(SolutionProperties) = preSolution
		HideSolutionNode = FALSE
	EndGlobalSection
	GlobalSection(NestedProjects) = preSolution
		{FD012D67-7F1D-436D-A4F9-5C9CF326A534} = {D5BAB74F-CC5C-4512-88CE-260023B609FC}
		{BC99331A-04A2-4476-9309-1A01ECFCF031} = {E0C98E56-142A-4CFE-B603-DC3418DB8DA8}
		{6D9DCA87-2E1F-4D58-82A7-33373325B4F2} = {4D26F0AE-DCBA-4798-A405-946675E31B2D}
		{963C9F1D-55C6-4D53-8B11-3B25233B2B80} = {4D26F0AE-DCBA-4798-A405-946675E31B2D}
		{CD537D11-C4BF-42E6-8AB4-CF7506FC05B5} = {A37CD6AB-6B9C-4C50-8C68-DBA426074B8F}
		{2385C773-7DD8-41B9-9898-06144A6E6B48} = {578CC843-5BDF-4361-B043-5130B44AC9FB}
		{58A9CB11-2B87-4782-89BA-D423F7FE66DF} = {C8A35B6E-3156-412F-AFDC-EFDCBC46F720}
		{80A73EC9-5876-43F4-B25D-8CF11F4E4BF7} = {4D26F0AE-DCBA-4798-A405-946675E31B2D}
		{E9B78F08-46EA-44A0-8EA2-395A2C42542A} = {A37CD6AB-6B9C-4C50-8C68-DBA426074B8F}
		{AD8CDD70-D437-4F5E-90F6-8B70BDB7AF02} = {4D26F0AE-DCBA-4798-A405-946675E31B2D}
		{4E12E55C-CCF7-4D70-A645-2923B6DB8F59} = {A37CD6AB-6B9C-4C50-8C68-DBA426074B8F}
	EndGlobalSection
	GlobalSection(ExtensibilityGlobals) = postSolution
		SolutionGuid = {AD5C76F6-E305-495C-A87F-BD0817FC4C83}
	EndGlobalSection
EndGlobal
