
Microsoft Visual Studio Solution File, Format Version 12.00
# Visual Studio Version 17
VisualStudioVersion = 17.0.32014.148
MinimumVisualStudioVersion = 10.0.40219.1
Project("{2150E333-8FDC-42A3-9474-1A3956D46DE8}") = "Client", "Client", "{D5BAB74F-CC5C-4512-88CE-260023B609FC}"
EndProject
Project("{2150E333-8FDC-42A3-9474-1A3956D46DE8}") = "Common", "Common", "{E0C98E56-142A-4CFE-B603-DC3418DB8DA8}"
EndProject
Project("{2150E333-8FDC-42A3-9474-1A3956D46DE8}") = "Api", "Api", "{A37CD6AB-6B9C-4C50-8C68-DBA426074B8F}"
EndProject
Project("{2150E333-8FDC-42A3-9474-1A3956D46DE8}") = "Test", "Test", "{4D26F0AE-DCBA-4798-A405-946675E31B2D}"
EndProject
Project("{2150E333-8FDC-42A3-9474-1A3956D46DE8}") = "Examples", "Examples", "{C8A35B6E-3156-412F-AFDC-EFDCBC46F720}"
EndProject
Project("{9A19103F-16F7-4668-BE54-9A1E7A4F7556}") = "Fig.Client", "client\Fig.Client\Fig.Client.csproj", "{FD012D67-7F1D-436D-A4F9-5C9CF326A534}"
EndProject
Project("{9A19103F-16F7-4668-BE54-9A1E7A4F7556}") = "Fig.Contracts", "common\Fig.Contracts\Fig.Contracts.csproj", "{BC99331A-04A2-4476-9309-1A01ECFCF031}"
EndProject
Project("{2150E333-8FDC-42A3-9474-1A3956D46DE8}") = "Web", "Web", "{578CC843-5BDF-4361-B043-5130B44AC9FB}"
EndProject
Project("{9A19103F-16F7-4668-BE54-9A1E7A4F7556}") = "Fig.Api", "api\Fig.Api\Fig.Api.csproj", "{CD537D11-C4BF-42E6-8AB4-CF7506FC05B5}"
EndProject
Project("{9A19103F-16F7-4668-BE54-9A1E7A4F7556}") = "Fig.Web", "web\Fig.Web\Fig.Web.csproj", "{2385C773-7DD8-41B9-9898-06144A6E6B48}"
EndProject
Project("{9A19103F-16F7-4668-BE54-9A1E7A4F7556}") = "Fig.Examples.ConsoleApp", "..\examples\Fig.Examples.ConsoleApp\Fig.Examples.ConsoleApp.csproj", "{58A9CB11-2B87-4782-89BA-D423F7FE66DF}"
EndProject
Project("{9A19103F-16F7-4668-BE54-9A1E7A4F7556}") = "Fig.Api.SettingVerification", "api\Fig.Api.SettingVerification\Fig.Api.SettingVerification.csproj", "{E9B78F08-46EA-44A0-8EA2-395A2C42542A}"
EndProject
Project("{9A19103F-16F7-4668-BE54-9A1E7A4F7556}") = "Fig.Datalayer", "api\Fig.Datalayer\Fig.Datalayer.csproj", "{4E12E55C-CCF7-4D70-A645-2923B6DB8F59}"
EndProject
Project("{9A19103F-16F7-4668-BE54-9A1E7A4F7556}") = "Fig.Api.SettingVerification.Sdk", "api\Fig.Api.SettingVerification.Sdk\Fig.Api.SettingVerification.Sdk.csproj", "{42D5CFE9-131E-4ABC-B792-5270D09C87CC}"
EndProject
Project("{9A19103F-16F7-4668-BE54-9A1E7A4F7556}") = "Fig.Api.SettingVerification.Verifiers", "api\Fig.Api.SettingVerification.Verifiers\Fig.Api.SettingVerification.Verifiers.csproj", "{C8C7F941-CE38-4514-B734-02F367242476}"
EndProject
Project("{9A19103F-16F7-4668-BE54-9A1E7A4F7556}") = "Fig.Examples.SettingsDataLoader", "..\examples\Fig.Examples.SettingsDataLoader\Fig.Examples.SettingsDataLoader.csproj", "{594C3819-05B4-46B5-A09F-D9083DE28A28}"
EndProject
Project("{9A19103F-16F7-4668-BE54-9A1E7A4F7556}") = "Fig.Integration.Test", "tests\Fig.Integration.Test\Fig.Integration.Test.csproj", "{233EF96F-C8EE-4993-B5BC-529E1B4FFFB6}"
EndProject
Project("{9A19103F-16F7-4668-BE54-9A1E7A4F7556}") = "Fig.Unit.Test", "tests\Fig.Unit.Test\Fig.Unit.Test.csproj", "{68C474C4-CCF6-4FF6-9A4F-C7154B792D27}"
EndProject
Project("{9A19103F-16F7-4668-BE54-9A1E7A4F7556}") = "Fig.Examples.AspNetApi", "..\examples\Fig.Examples.AspNetApi\Fig.Examples.AspNetApi.csproj", "{9DB84CBD-F9E3-4BAE-930C-0E4719F25B53}"
EndProject
Project("{FAE04EC0-301F-11D3-BF4B-00C04F79EFBC}") = "Fig.Common", "common\Fig.Common\Fig.Common.csproj", "{2C846A61-99FC-424B-AE8E-084977E8B35C}"
EndProject
Project("{FAE04EC0-301F-11D3-BF4B-00C04F79EFBC}") = "Fig.Benchmarks.Test", "tests\Fig.Benchmarks.Test\Fig.Benchmarks.Test.csproj", "{806E7D20-A1D7-47E7-BA24-5BA3D03D9CDA}"
EndProject
Global
	GlobalSection(SolutionConfigurationPlatforms) = preSolution
		Debug|Any CPU = Debug|Any CPU
		Release|Any CPU = Release|Any CPU
	EndGlobalSection
	GlobalSection(ProjectConfigurationPlatforms) = postSolution
		{FD012D67-7F1D-436D-A4F9-5C9CF326A534}.Debug|Any CPU.ActiveCfg = Debug|Any CPU
		{FD012D67-7F1D-436D-A4F9-5C9CF326A534}.Debug|Any CPU.Build.0 = Debug|Any CPU
		{FD012D67-7F1D-436D-A4F9-5C9CF326A534}.Release|Any CPU.ActiveCfg = Release|Any CPU
		{FD012D67-7F1D-436D-A4F9-5C9CF326A534}.Release|Any CPU.Build.0 = Release|Any CPU
		{BC99331A-04A2-4476-9309-1A01ECFCF031}.Debug|Any CPU.ActiveCfg = Debug|Any CPU
		{BC99331A-04A2-4476-9309-1A01ECFCF031}.Debug|Any CPU.Build.0 = Debug|Any CPU
		{BC99331A-04A2-4476-9309-1A01ECFCF031}.Release|Any CPU.ActiveCfg = Release|Any CPU
		{BC99331A-04A2-4476-9309-1A01ECFCF031}.Release|Any CPU.Build.0 = Release|Any CPU
		{CD537D11-C4BF-42E6-8AB4-CF7506FC05B5}.Debug|Any CPU.ActiveCfg = Debug|Any CPU
		{CD537D11-C4BF-42E6-8AB4-CF7506FC05B5}.Debug|Any CPU.Build.0 = Debug|Any CPU
		{CD537D11-C4BF-42E6-8AB4-CF7506FC05B5}.Release|Any CPU.ActiveCfg = Release|Any CPU
		{CD537D11-C4BF-42E6-8AB4-CF7506FC05B5}.Release|Any CPU.Build.0 = Release|Any CPU
		{2385C773-7DD8-41B9-9898-06144A6E6B48}.Debug|Any CPU.ActiveCfg = Debug|Any CPU
		{2385C773-7DD8-41B9-9898-06144A6E6B48}.Debug|Any CPU.Build.0 = Debug|Any CPU
		{2385C773-7DD8-41B9-9898-06144A6E6B48}.Release|Any CPU.ActiveCfg = Release|Any CPU
		{2385C773-7DD8-41B9-9898-06144A6E6B48}.Release|Any CPU.Build.0 = Release|Any CPU
		{58A9CB11-2B87-4782-89BA-D423F7FE66DF}.Debug|Any CPU.ActiveCfg = Debug|Any CPU
		{58A9CB11-2B87-4782-89BA-D423F7FE66DF}.Debug|Any CPU.Build.0 = Debug|Any CPU
		{58A9CB11-2B87-4782-89BA-D423F7FE66DF}.Release|Any CPU.ActiveCfg = Release|Any CPU
		{58A9CB11-2B87-4782-89BA-D423F7FE66DF}.Release|Any CPU.Build.0 = Release|Any CPU
		{E9B78F08-46EA-44A0-8EA2-395A2C42542A}.Debug|Any CPU.ActiveCfg = Debug|Any CPU
		{E9B78F08-46EA-44A0-8EA2-395A2C42542A}.Debug|Any CPU.Build.0 = Debug|Any CPU
		{E9B78F08-46EA-44A0-8EA2-395A2C42542A}.Release|Any CPU.ActiveCfg = Release|Any CPU
		{E9B78F08-46EA-44A0-8EA2-395A2C42542A}.Release|Any CPU.Build.0 = Release|Any CPU
		{4E12E55C-CCF7-4D70-A645-2923B6DB8F59}.Debug|Any CPU.ActiveCfg = Debug|Any CPU
		{4E12E55C-CCF7-4D70-A645-2923B6DB8F59}.Debug|Any CPU.Build.0 = Debug|Any CPU
		{4E12E55C-CCF7-4D70-A645-2923B6DB8F59}.Release|Any CPU.ActiveCfg = Release|Any CPU
		{4E12E55C-CCF7-4D70-A645-2923B6DB8F59}.Release|Any CPU.Build.0 = Release|Any CPU
		{42D5CFE9-131E-4ABC-B792-5270D09C87CC}.Debug|Any CPU.ActiveCfg = Debug|Any CPU
		{42D5CFE9-131E-4ABC-B792-5270D09C87CC}.Debug|Any CPU.Build.0 = Debug|Any CPU
		{42D5CFE9-131E-4ABC-B792-5270D09C87CC}.Release|Any CPU.ActiveCfg = Release|Any CPU
		{42D5CFE9-131E-4ABC-B792-5270D09C87CC}.Release|Any CPU.Build.0 = Release|Any CPU
		{C8C7F941-CE38-4514-B734-02F367242476}.Debug|Any CPU.ActiveCfg = Debug|Any CPU
		{C8C7F941-CE38-4514-B734-02F367242476}.Debug|Any CPU.Build.0 = Debug|Any CPU
		{C8C7F941-CE38-4514-B734-02F367242476}.Release|Any CPU.ActiveCfg = Release|Any CPU
		{C8C7F941-CE38-4514-B734-02F367242476}.Release|Any CPU.Build.0 = Release|Any CPU
		{594C3819-05B4-46B5-A09F-D9083DE28A28}.Debug|Any CPU.ActiveCfg = Debug|Any CPU
		{594C3819-05B4-46B5-A09F-D9083DE28A28}.Debug|Any CPU.Build.0 = Debug|Any CPU
		{594C3819-05B4-46B5-A09F-D9083DE28A28}.Release|Any CPU.ActiveCfg = Release|Any CPU
		{594C3819-05B4-46B5-A09F-D9083DE28A28}.Release|Any CPU.Build.0 = Release|Any CPU
		{233EF96F-C8EE-4993-B5BC-529E1B4FFFB6}.Debug|Any CPU.ActiveCfg = Debug|Any CPU
		{233EF96F-C8EE-4993-B5BC-529E1B4FFFB6}.Debug|Any CPU.Build.0 = Debug|Any CPU
		{233EF96F-C8EE-4993-B5BC-529E1B4FFFB6}.Release|Any CPU.ActiveCfg = Release|Any CPU
		{233EF96F-C8EE-4993-B5BC-529E1B4FFFB6}.Release|Any CPU.Build.0 = Release|Any CPU
		{68C474C4-CCF6-4FF6-9A4F-C7154B792D27}.Debug|Any CPU.ActiveCfg = Debug|Any CPU
		{68C474C4-CCF6-4FF6-9A4F-C7154B792D27}.Debug|Any CPU.Build.0 = Debug|Any CPU
		{68C474C4-CCF6-4FF6-9A4F-C7154B792D27}.Release|Any CPU.ActiveCfg = Release|Any CPU
		{68C474C4-CCF6-4FF6-9A4F-C7154B792D27}.Release|Any CPU.Build.0 = Release|Any CPU
		{9DB84CBD-F9E3-4BAE-930C-0E4719F25B53}.Debug|Any CPU.ActiveCfg = Debug|Any CPU
		{9DB84CBD-F9E3-4BAE-930C-0E4719F25B53}.Debug|Any CPU.Build.0 = Debug|Any CPU
		{9DB84CBD-F9E3-4BAE-930C-0E4719F25B53}.Release|Any CPU.ActiveCfg = Release|Any CPU
		{9DB84CBD-F9E3-4BAE-930C-0E4719F25B53}.Release|Any CPU.Build.0 = Release|Any CPU
		{2C846A61-99FC-424B-AE8E-084977E8B35C}.Debug|Any CPU.ActiveCfg = Debug|Any CPU
		{2C846A61-99FC-424B-AE8E-084977E8B35C}.Debug|Any CPU.Build.0 = Debug|Any CPU
		{2C846A61-99FC-424B-AE8E-084977E8B35C}.Release|Any CPU.ActiveCfg = Release|Any CPU
		{2C846A61-99FC-424B-AE8E-084977E8B35C}.Release|Any CPU.Build.0 = Release|Any CPU
		{806E7D20-A1D7-47E7-BA24-5BA3D03D9CDA}.Debug|Any CPU.ActiveCfg = Debug|Any CPU
		{806E7D20-A1D7-47E7-BA24-5BA3D03D9CDA}.Debug|Any CPU.Build.0 = Debug|Any CPU
		{806E7D20-A1D7-47E7-BA24-5BA3D03D9CDA}.Release|Any CPU.ActiveCfg = Release|Any CPU
		{806E7D20-A1D7-47E7-BA24-5BA3D03D9CDA}.Release|Any CPU.Build.0 = Release|Any CPU
	EndGlobalSection
	GlobalSection(SolutionProperties) = preSolution
		HideSolutionNode = FALSE
	EndGlobalSection
	GlobalSection(NestedProjects) = preSolution
		{FD012D67-7F1D-436D-A4F9-5C9CF326A534} = {D5BAB74F-CC5C-4512-88CE-260023B609FC}
		{BC99331A-04A2-4476-9309-1A01ECFCF031} = {E0C98E56-142A-4CFE-B603-DC3418DB8DA8}
		{CD537D11-C4BF-42E6-8AB4-CF7506FC05B5} = {A37CD6AB-6B9C-4C50-8C68-DBA426074B8F}
		{2385C773-7DD8-41B9-9898-06144A6E6B48} = {578CC843-5BDF-4361-B043-5130B44AC9FB}
		{58A9CB11-2B87-4782-89BA-D423F7FE66DF} = {C8A35B6E-3156-412F-AFDC-EFDCBC46F720}
		{E9B78F08-46EA-44A0-8EA2-395A2C42542A} = {A37CD6AB-6B9C-4C50-8C68-DBA426074B8F}
		{4E12E55C-CCF7-4D70-A645-2923B6DB8F59} = {A37CD6AB-6B9C-4C50-8C68-DBA426074B8F}
		{42D5CFE9-131E-4ABC-B792-5270D09C87CC} = {A37CD6AB-6B9C-4C50-8C68-DBA426074B8F}
		{C8C7F941-CE38-4514-B734-02F367242476} = {A37CD6AB-6B9C-4C50-8C68-DBA426074B8F}
		{594C3819-05B4-46B5-A09F-D9083DE28A28} = {C8A35B6E-3156-412F-AFDC-EFDCBC46F720}
		{233EF96F-C8EE-4993-B5BC-529E1B4FFFB6} = {4D26F0AE-DCBA-4798-A405-946675E31B2D}
		{68C474C4-CCF6-4FF6-9A4F-C7154B792D27} = {4D26F0AE-DCBA-4798-A405-946675E31B2D}
		{9DB84CBD-F9E3-4BAE-930C-0E4719F25B53} = {C8A35B6E-3156-412F-AFDC-EFDCBC46F720}
		{2C846A61-99FC-424B-AE8E-084977E8B35C} = {E0C98E56-142A-4CFE-B603-DC3418DB8DA8}
		{806E7D20-A1D7-47E7-BA24-5BA3D03D9CDA} = {4D26F0AE-DCBA-4798-A405-946675E31B2D}
	EndGlobalSection
	GlobalSection(ExtensibilityGlobals) = postSolution
		SolutionGuid = {AD5C76F6-E305-495C-A87F-BD0817FC4C83}
	EndGlobalSection
EndGlobal
